
Microsoft Visual Studio Solution File, Format Version 12.00
# Visual Studio Version 17
VisualStudioVersion = 17.7.34031.279
MinimumVisualStudioVersion = 10.0.40219.1
Project("{8BC9CEB8-8B4A-11D0-8D11-00A0C91BC942}") = "HW4", "HW4.vcxproj", "{DFBF2330-8F10-4CA1-968A-3E21ED076529}"
EndProject
Global
	GlobalSection(SolutionConfigurationPlatforms) = preSolution
		Debug|x64 = Debug|x64
		Debug|x86 = Debug|x86
		Release|x64 = Release|x64
		Release|x86 = Release|x86
	EndGlobalSection
	GlobalSection(ProjectConfigurationPlatforms) = postSolution
		{DFBF2330-8F10-4CA1-968A-3E21ED076529}.Debug|x64.ActiveCfg = Debug|x64
		{DFBF2330-8F10-4CA1-968A-3E21ED076529}.Debug|x64.Build.0 = Debug|x64
		{DFBF2330-8F10-4CA1-968A-3E21ED076529}.Debug|x86.ActiveCfg = Debug|Win32
		{DFBF2330-8F10-4CA1-968A-3E21ED076529}.Debug|x86.Build.0 = Debug|Win32
		{DFBF2330-8F10-4CA1-968A-3E21ED076529}.Release|x64.ActiveCfg = Release|x64
		{DFBF2330-8F10-4CA1-968A-3E21ED076529}.Release|x64.Build.0 = Release|x64
		{DFBF2330-8F10-4CA1-968A-3E21ED076529}.Release|x86.ActiveCfg = Release|Win32
		{DFBF2330-8F10-4CA1-968A-3E21ED076529}.Release|x86.Build.0 = Release|Win32
	EndGlobalSection
	GlobalSection(SolutionProperties) = preSolution
		HideSolutionNode = FALSE
	EndGlobalSection
	GlobalSection(ExtensibilityGlobals) = postSolution
		SolutionGuid = {A28B8AB1-E4FA-49C3-8B53-64CD090B2050}
	EndGlobalSection
EndGlobal
